<Solution>
  <Folder Name="/Solution Items/">
    <File Path=".gitignore" />
  </Folder>
  <Project Path="skillnet.client/skillnet.client.esproj">
    <Build />
    <Deploy />
  </Project>
  <Project Path="SkillNet.Domain/SkillNet.Domain.csproj" />
  <Project Path="SkillNet.Application/SkillNet.Application.csproj" />
  <Project Path="SkillNet.Infrastructure/SkillNet.Infrastructure.csproj" />
  <Project Path="SkillNet.WebApi/SkillNet.WebApi.csproj" />
</Solution>
