<Solution>
  <Folder Name="/Solution Items/">
    <File Path=".gitignore" />
  </Folder>
  <Folder Name="/Solution Items/Database/">
    <File Path="InterviewModule_Queries.sql" />
  </Folder>
  <Project Path="skillnet.client/skillnet.client.esproj">
    <Build />
    <Deploy />
  </Project>
  <Project Path="SkillNet.Server/SkillNet.Server.csproj" />
</Solution>
